{
  "nodes": {
    "nixpkgs": {
      "locked": {
        "lastModified": 1704384507,
        "narHash": "sha256-DeeEVnBOm7VJC96nBUtWT5EU6WGcDMKcKiSJ3Xk1AUU=",
        "owner": "nixos",
        "repo": "nixpkgs",
        "rev": "6a98d1fe8b68d648253ddebf735ad9b8e1d528a1",
        "type": "github"
      },
      "original": {
        "owner": "nixos",
        "repo": "nixpkgs",
        "type": "github"
      }
    },
    "root": {
      "inputs": {
        "nixpkgs": "nixpkgs"
      }
    }
  },
  "root": "root",
  "version": 7
}
